
Microsoft Visual Studio Solution File, Format Version 12.00
# Visual Studio Version 17
VisualStudioVersion = 17.6.33829.357
MinimumVisualStudioVersion = 10.0.40219.1
Project("{FAE04EC0-301F-11D3-BF4B-00C04F79EFBC}") = "SQLViewer", "SQLViewer\SQLViewer.csproj", "{15350A22-4D0E-4141-9486-E319E19EFB14}"
EndProject
Project("{FAE04EC0-301F-11D3-BF4B-00C04F79EFBC}") = "PeopleManager", "PeopleManager\PeopleManager.csproj", "{E97328B1-60B3-42F4-86B1-1DA75675D6E0}"
EndProject
Project("{FAE04EC0-301F-11D3-BF4B-00C04F79EFBC}") = "Apartments", "Apartments\Apartments.csproj", "{1606DAD1-4C2C-45ED-85CC-9C100F88CE94}"
EndProject
Global
	GlobalSection(SolutionConfigurationPlatforms) = preSolution
		Debug|Any CPU = Debug|Any CPU
		Release|Any CPU = Release|Any CPU
	EndGlobalSection
	GlobalSection(ProjectConfigurationPlatforms) = postSolution
		{15350A22-4D0E-4141-9486-E319E19EFB14}.Debug|Any CPU.ActiveCfg = Debug|Any CPU
		{15350A22-4D0E-4141-9486-E319E19EFB14}.Debug|Any CPU.Build.0 = Debug|Any CPU
		{15350A22-4D0E-4141-9486-E319E19EFB14}.Release|Any CPU.ActiveCfg = Release|Any CPU
		{15350A22-4D0E-4141-9486-E319E19EFB14}.Release|Any CPU.Build.0 = Release|Any CPU
		{E97328B1-60B3-42F4-86B1-1DA75675D6E0}.Debug|Any CPU.ActiveCfg = Debug|Any CPU
		{E97328B1-60B3-42F4-86B1-1DA75675D6E0}.Debug|Any CPU.Build.0 = Debug|Any CPU
		{E97328B1-60B3-42F4-86B1-1DA75675D6E0}.Release|Any CPU.ActiveCfg = Release|Any CPU
		{E97328B1-60B3-42F4-86B1-1DA75675D6E0}.Release|Any CPU.Build.0 = Release|Any CPU
		{1606DAD1-4C2C-45ED-85CC-9C100F88CE94}.Debug|Any CPU.ActiveCfg = Debug|Any CPU
		{1606DAD1-4C2C-45ED-85CC-9C100F88CE94}.Debug|Any CPU.Build.0 = Debug|Any CPU
		{1606DAD1-4C2C-45ED-85CC-9C100F88CE94}.Release|Any CPU.ActiveCfg = Release|Any CPU
		{1606DAD1-4C2C-45ED-85CC-9C100F88CE94}.Release|Any CPU.Build.0 = Release|Any CPU
	EndGlobalSection
	GlobalSection(SolutionProperties) = preSolution
		HideSolutionNode = FALSE
	EndGlobalSection
	GlobalSection(ExtensibilityGlobals) = postSolution
		SolutionGuid = {5CA118F1-978A-4F64-BF26-409A8BEF73CD}
	EndGlobalSection
EndGlobal
